
Microsoft Visual Studio Solution File, Format Version 12.00
# Visual Studio 15
VisualStudioVersion = 15.0.27130.2010
MinimumVisualStudioVersion = 10.0.40219.1
Project("{FAE04EC0-301F-11D3-BF4B-00C04F79EFBC}") = "JarlsRampage", "JarlsRampage\JarlsRampage.csproj", "{31E080DC-C4C2-4B41-9C7F-5704FAA7482C}"
EndProject
Global
	GlobalSection(SolutionConfigurationPlatforms) = preSolution
		Debug|Any CPU = Debug|Any CPU
		Release|Any CPU = Release|Any CPU
	EndGlobalSection
	GlobalSection(ProjectConfigurationPlatforms) = postSolution
		{31E080DC-C4C2-4B41-9C7F-5704FAA7482C}.Debug|Any CPU.ActiveCfg = Debug|Any CPU
		{31E080DC-C4C2-4B41-9C7F-5704FAA7482C}.Debug|Any CPU.Build.0 = Debug|Any CPU
		{31E080DC-C4C2-4B41-9C7F-5704FAA7482C}.Release|Any CPU.ActiveCfg = Release|Any CPU
		{31E080DC-C4C2-4B41-9C7F-5704FAA7482C}.Release|Any CPU.Build.0 = Release|Any CPU
	EndGlobalSection
	GlobalSection(SolutionProperties) = preSolution
		HideSolutionNode = FALSE
	EndGlobalSection
	GlobalSection(ExtensibilityGlobals) = postSolution
		SolutionGuid = {03EF5362-AFBC-4971-81DE-B8E2EDF42E97}
	EndGlobalSection
EndGlobal
